// !$*UTF8*$!
{
	archiveVersion = 1;
	classes = {
	};
	objectVersion = 48;
	objects = {

/* Begin PBXBuildFile section */
		29A576BE20332B11003856EB /* AppDelegate.swift in Sources */ = {isa = PBXBuildFile; fileRef = 29A576BD20332B11003856EB /* AppDelegate.swift */; };
		29A576C020332B11003856EB /* ViewController.swift in Sources */ = {isa = PBXBuildFile; fileRef = 29A576BF20332B11003856EB /* ViewController.swift */; };
		29A576C320332B11003856EB /* Main.storyboard in Resources */ = {isa = PBXBuildFile; fileRef = 29A576C120332B11003856EB /* Main.storyboard */; };
		29A576C520332B11003856EB /* Assets.xcassets in Resources */ = {isa = PBXBuildFile; fileRef = 29A576C420332B11003856EB /* Assets.xcassets */; };
		29A576C820332B11003856EB /* LaunchScreen.storyboard in Resources */ = {isa = PBXBuildFile; fileRef = 29A576C620332B11003856EB /* LaunchScreen.storyboard */; };
		29A5770520395525003856EB /* 7_of_diamonds.png in Resources */ = {isa = PBXBuildFile; fileRef = 29A576D02039551F003856EB /* 7_of_diamonds.png */; };
		29A5770620395525003856EB /* jack_of_spades.png in Resources */ = {isa = PBXBuildFile; fileRef = 29A576D12039551F003856EB /* jack_of_spades.png */; };
		29A5770720395525003856EB /* jack_of_clubs.png in Resources */ = {isa = PBXBuildFile; fileRef = 29A576D22039551F003856EB /* jack_of_clubs.png */; };
		29A5770820395525003856EB /* 9_of_clubs.png in Resources */ = {isa = PBXBuildFile; fileRef = 29A576D32039551F003856EB /* 9_of_clubs.png */; };
		29A5770920395525003856EB /* 4_of_clubs.png in Resources */ = {isa = PBXBuildFile; fileRef = 29A576D42039551F003856EB /* 4_of_clubs.png */; };
		29A5770A20395525003856EB /* 6_of_hearts.png in Resources */ = {isa = PBXBuildFile; fileRef = 29A576D52039551F003856EB /* 6_of_hearts.png */; };
		29A5770B20395525003856EB /* queen_of_clubs.png in Resources */ = {isa = PBXBuildFile; fileRef = 29A576D620395520003856EB /* queen_of_clubs.png */; };
		29A5770C20395525003856EB /* king_of_clubs.png in Resources */ = {isa = PBXBuildFile; fileRef = 29A576D720395520003856EB /* king_of_clubs.png */; };
		29A5770D20395525003856EB /* 8_of_diamonds.png in Resources */ = {isa = PBXBuildFile; fileRef = 29A576D820395520003856EB /* 8_of_diamonds.png */; };
		29A5770E20395525003856EB /* 8_of_hearts.png in Resources */ = {isa = PBXBuildFile; fileRef = 29A576D920395520003856EB /* 8_of_hearts.png */; };
		29A5770F20395525003856EB /* 3_of_clubs.png in Resources */ = {isa = PBXBuildFile; fileRef = 29A576DA20395520003856EB /* 3_of_clubs.png */; };
		29A5771020395525003856EB /* ace_of_clubs.png in Resources */ = {isa = PBXBuildFile; fileRef = 29A576DB20395520003856EB /* ace_of_clubs.png */; };
		29A5771120395525003856EB /* 2_of_spades.png in Resources */ = {isa = PBXBuildFile; fileRef = 29A576DC20395520003856EB /* 2_of_spades.png */; };
		29A5771220395525003856EB /* 8_of_spades.png in Resources */ = {isa = PBXBuildFile; fileRef = 29A576DD20395520003856EB /* 8_of_spades.png */; };
		29A5771320395525003856EB /* ace_of_hearts.png in Resources */ = {isa = PBXBuildFile; fileRef = 29A576DE20395520003856EB /* ace_of_hearts.png */; };
		29A5771420395525003856EB /* queen_of_diamonds.png in Resources */ = {isa = PBXBuildFile; fileRef = 29A576DF20395520003856EB /* queen_of_diamonds.png */; };
		29A5771520395525003856EB /* jack_of_diamonds.png in Resources */ = {isa = PBXBuildFile; fileRef = 29A576E020395521003856EB /* jack_of_diamonds.png */; };
		29A5771620395525003856EB /* 3_of_spades.png in Resources */ = {isa = PBXBuildFile; fileRef = 29A576E120395521003856EB /* 3_of_spades.png */; };
		29A5771720395525003856EB /* 2_of_hearts.png in Resources */ = {isa = PBXBuildFile; fileRef = 29A576E220395521003856EB /* 2_of_hearts.png */; };
		29A5771820395525003856EB /* 5_of_diamonds.png in Resources */ = {isa = PBXBuildFile; fileRef = 29A576E320395521003856EB /* 5_of_diamonds.png */; };
		29A5771920395525003856EB /* 9_of_spades.png in Resources */ = {isa = PBXBuildFile; fileRef = 29A576E420395521003856EB /* 9_of_spades.png */; };
		29A5771A20395525003856EB /* 4_of_diamonds.png in Resources */ = {isa = PBXBuildFile; fileRef = 29A576E520395521003856EB /* 4_of_diamonds.png */; };
		29A5771B20395525003856EB /* ace_of_diamonds.png in Resources */ = {isa = PBXBuildFile; fileRef = 29A576E620395521003856EB /* ace_of_diamonds.png */; };
		29A5771C20395525003856EB /* 4_of_spades.png in Resources */ = {isa = PBXBuildFile; fileRef = 29A576E720395521003856EB /* 4_of_spades.png */; };
		29A5771D20395525003856EB /* king_of_diamonds.png in Resources */ = {isa = PBXBuildFile; fileRef = 29A576E820395521003856EB /* king_of_diamonds.png */; };
		29A5771E20395525003856EB /* 6_of_spades.png in Resources */ = {isa = PBXBuildFile; fileRef = 29A576E920395521003856EB /* 6_of_spades.png */; };
		29A5771F20395525003856EB /* 5_of_hearts.png in Resources */ = {isa = PBXBuildFile; fileRef = 29A576EA20395522003856EB /* 5_of_hearts.png */; };
		29A5772020395525003856EB /* 3_of_hearts.png in Resources */ = {isa = PBXBuildFile; fileRef = 29A576EB20395522003856EB /* 3_of_hearts.png */; };
		29A5772120395525003856EB /* jack_of_hearts.png in Resources */ = {isa = PBXBuildFile; fileRef = 29A576EC20395522003856EB /* jack_of_hearts.png */; };
		29A5772220395525003856EB /* 6_of_diamonds.png in Resources */ = {isa = PBXBuildFile; fileRef = 29A576ED20395522003856EB /* 6_of_diamonds.png */; };
		29A5772320395525003856EB /* 10_of_clubs.png in Resources */ = {isa = PBXBuildFile; fileRef = 29A576EE20395522003856EB /* 10_of_clubs.png */; };
		29A5772420395525003856EB /* ace_of_spades.png in Resources */ = {isa = PBXBuildFile; fileRef = 29A576EF20395522003856EB /* ace_of_spades.png */; };
		29A5772520395525003856EB /* queen_of_hearts.png in Resources */ = {isa = PBXBuildFile; fileRef = 29A576F020395522003856EB /* queen_of_hearts.png */; };
		29A5772620395525003856EB /* 8_of_clubs.png in Resources */ = {isa = PBXBuildFile; fileRef = 29A576F120395522003856EB /* 8_of_clubs.png */; };
		29A5772720395525003856EB /* 2_of_diamonds.png in Resources */ = {isa = PBXBuildFile; fileRef = 29A576F220395522003856EB /* 2_of_diamonds.png */; };
		29A5772820395525003856EB /* 10_of_hearts.png in Resources */ = {isa = PBXBuildFile; fileRef = 29A576F320395523003856EB /* 10_of_hearts.png */; };
		29A5772920395525003856EB /* 5_of_clubs.png in Resources */ = {isa = PBXBuildFile; fileRef = 29A576F420395523003856EB /* 5_of_clubs.png */; };
		29A5772A20395525003856EB /* 7_of_spades.png in Resources */ = {isa = PBXBuildFile; fileRef = 29A576F520395523003856EB /* 7_of_spades.png */; };
		29A5772B20395525003856EB /* 9_of_hearts.png in Resources */ = {isa = PBXBuildFile; fileRef = 29A576F620395523003856EB /* 9_of_hearts.png */; };
		29A5772C20395525003856EB /* 7_of_clubs.png in Resources */ = {isa = PBXBuildFile; fileRef = 29A576F720395523003856EB /* 7_of_clubs.png */; };
		29A5772D20395525003856EB /* back.png in Resources */ = {isa = PBXBuildFile; fileRef = 29A576F820395523003856EB /* back.png */; };
		29A5772E20395525003856EB /* 6_of_clubs.png in Resources */ = {isa = PBXBuildFile; fileRef = 29A576F920395523003856EB /* 6_of_clubs.png */; };
		29A5772F20395525003856EB /* 10_of_spades.png in Resources */ = {isa = PBXBuildFile; fileRef = 29A576FA20395523003856EB /* 10_of_spades.png */; };
		29A5773020395525003856EB /* king_of_spades.png in Resources */ = {isa = PBXBuildFile; fileRef = 29A576FB20395524003856EB /* king_of_spades.png */; };
		29A5773120395525003856EB /* 5_of_spades.png in Resources */ = {isa = PBXBuildFile; fileRef = 29A576FC20395524003856EB /* 5_of_spades.png */; };
		29A5773220395525003856EB /* 7_of_hearts.png in Resources */ = {isa = PBXBuildFile; fileRef = 29A576FD20395524003856EB /* 7_of_hearts.png */; };
		29A5773320395525003856EB /* 9_of_diamonds.png in Resources */ = {isa = PBXBuildFile; fileRef = 29A576FE20395524003856EB /* 9_of_diamonds.png */; };
		29A5773420395525003856EB /* 4_of_hearts.png in Resources */ = {isa = PBXBuildFile; fileRef = 29A576FF20395524003856EB /* 4_of_hearts.png */; };
		29A5773520395525003856EB /* king_of_hearts.png in Resources */ = {isa = PBXBuildFile; fileRef = 29A5770020395524003856EB /* king_of_hearts.png */; };
		29A5773620395525003856EB /* 10_of_diamonds.png in Resources */ = {isa = PBXBuildFile; fileRef = 29A5770120395524003856EB /* 10_of_diamonds.png */; };
		29A5773720395525003856EB /* queen_of_spades.png in Resources */ = {isa = PBXBuildFile; fileRef = 29A5770220395524003856EB /* queen_of_spades.png */; };
		29A5773820395525003856EB /* 2_of_clubs.png in Resources */ = {isa = PBXBuildFile; fileRef = 29A5770320395525003856EB /* 2_of_clubs.png */; };
		29A5773920395525003856EB /* 3_of_diamonds.png in Resources */ = {isa = PBXBuildFile; fileRef = 29A5770420395525003856EB /* 3_of_diamonds.png */; };
		29A5773C203956A9003856EB /* ShuffleCard.swift in Sources */ = {isa = PBXBuildFile; fileRef = 29A5773B203956A9003856EB /* ShuffleCard.swift */; };
		29A57742203B11B6003856EB /* CardImageView.swift in Sources */ = {isa = PBXBuildFile; fileRef = 29A57741203B11B6003856EB /* CardImageView.swift */; };
		29A57744203B5A95003856EB /* GameButton.swift in Sources */ = {isa = PBXBuildFile; fileRef = 29A57743203B5A95003856EB /* GameButton.swift */; };
/* End PBXBuildFile section */

/* Begin PBXFileReference section */
		29A576BA20332B11003856EB /* Blackjack.app */ = {isa = PBXFileReference; explicitFileType = wrapper.application; includeInIndex = 0; path = Blackjack.app; sourceTree = BUILT_PRODUCTS_DIR; };
		29A576BD20332B11003856EB /* AppDelegate.swift */ = {isa = PBXFileReference; lastKnownFileType = sourcecode.swift; path = AppDelegate.swift; sourceTree = "<group>"; };
		29A576BF20332B11003856EB /* ViewController.swift */ = {isa = PBXFileReference; lastKnownFileType = sourcecode.swift; path = ViewController.swift; sourceTree = "<group>"; };
		29A576C220332B11003856EB /* Base */ = {isa = PBXFileReference; lastKnownFileType = file.storyboard; name = Base; path = Base.lproj/Main.storyboard; sourceTree = "<group>"; };
		29A576C420332B11003856EB /* Assets.xcassets */ = {isa = PBXFileReference; lastKnownFileType = folder.assetcatalog; path = Assets.xcassets; sourceTree = "<group>"; };
		29A576C720332B11003856EB /* Base */ = {isa = PBXFileReference; lastKnownFileType = file.storyboard; name = Base; path = Base.lproj/LaunchScreen.storyboard; sourceTree = "<group>"; };
		29A576C920332B11003856EB /* Info.plist */ = {isa = PBXFileReference; lastKnownFileType = text.plist.xml; path = Info.plist; sourceTree = "<group>"; };
		29A576D02039551F003856EB /* 7_of_diamonds.png */ = {isa = PBXFileReference; lastKnownFileType = image.png; path = 7_of_diamonds.png; sourceTree = "<group>"; };
		29A576D12039551F003856EB /* jack_of_spades.png */ = {isa = PBXFileReference; lastKnownFileType = image.png; path = jack_of_spades.png; sourceTree = "<group>"; };
		29A576D22039551F003856EB /* jack_of_clubs.png */ = {isa = PBXFileReference; lastKnownFileType = image.png; path = jack_of_clubs.png; sourceTree = "<group>"; };
		29A576D32039551F003856EB /* 9_of_clubs.png */ = {isa = PBXFileReference; lastKnownFileType = image.png; path = 9_of_clubs.png; sourceTree = "<group>"; };
		29A576D42039551F003856EB /* 4_of_clubs.png */ = {isa = PBXFileReference; lastKnownFileType = image.png; path = 4_of_clubs.png; sourceTree = "<group>"; };
		29A576D52039551F003856EB /* 6_of_hearts.png */ = {isa = PBXFileReference; lastKnownFileType = image.png; path = 6_of_hearts.png; sourceTree = "<group>"; };
		29A576D620395520003856EB /* queen_of_clubs.png */ = {isa = PBXFileReference; lastKnownFileType = image.png; path = queen_of_clubs.png; sourceTree = "<group>"; };
		29A576D720395520003856EB /* king_of_clubs.png */ = {isa = PBXFileReference; lastKnownFileType = image.png; path = king_of_clubs.png; sourceTree = "<group>"; };
		29A576D820395520003856EB /* 8_of_diamonds.png */ = {isa = PBXFileReference; lastKnownFileType = image.png; path = 8_of_diamonds.png; sourceTree = "<group>"; };
		29A576D920395520003856EB /* 8_of_hearts.png */ = {isa = PBXFileReference; lastKnownFileType = image.png; path = 8_of_hearts.png; sourceTree = "<group>"; };
		29A576DA20395520003856EB /* 3_of_clubs.png */ = {isa = PBXFileReference; lastKnownFileType = image.png; path = 3_of_clubs.png; sourceTree = "<group>"; };
		29A576DB20395520003856EB /* ace_of_clubs.png */ = {isa = PBXFileReference; lastKnownFileType = image.png; path = ace_of_clubs.png; sourceTree = "<group>"; };
		29A576DC20395520003856EB /* 2_of_spades.png */ = {isa = PBXFileReference; lastKnownFileType = image.png; path = 2_of_spades.png; sourceTree = "<group>"; };
		29A576DD20395520003856EB /* 8_of_spades.png */ = {isa = PBXFileReference; lastKnownFileType = image.png; path = 8_of_spades.png; sourceTree = "<group>"; };
		29A576DE20395520003856EB /* ace_of_hearts.png */ = {isa = PBXFileReference; lastKnownFileType = image.png; path = ace_of_hearts.png; sourceTree = "<group>"; };
		29A576DF20395520003856EB /* queen_of_diamonds.png */ = {isa = PBXFileReference; lastKnownFileType = image.png; path = queen_of_diamonds.png; sourceTree = "<group>"; };
		29A576E020395521003856EB /* jack_of_diamonds.png */ = {isa = PBXFileReference; lastKnownFileType = image.png; path = jack_of_diamonds.png; sourceTree = "<group>"; };
		29A576E120395521003856EB /* 3_of_spades.png */ = {isa = PBXFileReference; lastKnownFileType = image.png; path = 3_of_spades.png; sourceTree = "<group>"; };
		29A576E220395521003856EB /* 2_of_hearts.png */ = {isa = PBXFileReference; lastKnownFileType = image.png; path = 2_of_hearts.png; sourceTree = "<group>"; };
		29A576E320395521003856EB /* 5_of_diamonds.png */ = {isa = PBXFileReference; lastKnownFileType = image.png; path = 5_of_diamonds.png; sourceTree = "<group>"; };
		29A576E420395521003856EB /* 9_of_spades.png */ = {isa = PBXFileReference; lastKnownFileType = image.png; path = 9_of_spades.png; sourceTree = "<group>"; };
		29A576E520395521003856EB /* 4_of_diamonds.png */ = {isa = PBXFileReference; lastKnownFileType = image.png; path = 4_of_diamonds.png; sourceTree = "<group>"; };
		29A576E620395521003856EB /* ace_of_diamonds.png */ = {isa = PBXFileReference; lastKnownFileType = image.png; path = ace_of_diamonds.png; sourceTree = "<group>"; };
		29A576E720395521003856EB /* 4_of_spades.png */ = {isa = PBXFileReference; lastKnownFileType = image.png; path = 4_of_spades.png; sourceTree = "<group>"; };
		29A576E820395521003856EB /* king_of_diamonds.png */ = {isa = PBXFileReference; lastKnownFileType = image.png; path = king_of_diamonds.png; sourceTree = "<group>"; };
		29A576E920395521003856EB /* 6_of_spades.png */ = {isa = PBXFileReference; lastKnownFileType = image.png; path = 6_of_spades.png; sourceTree = "<group>"; };
		29A576EA20395522003856EB /* 5_of_hearts.png */ = {isa = PBXFileReference; lastKnownFileType = image.png; path = 5_of_hearts.png; sourceTree = "<group>"; };
		29A576EB20395522003856EB /* 3_of_hearts.png */ = {isa = PBXFileReference; lastKnownFileType = image.png; path = 3_of_hearts.png; sourceTree = "<group>"; };
		29A576EC20395522003856EB /* jack_of_hearts.png */ = {isa = PBXFileReference; lastKnownFileType = image.png; path = jack_of_hearts.png; sourceTree = "<group>"; };
		29A576ED20395522003856EB /* 6_of_diamonds.png */ = {isa = PBXFileReference; lastKnownFileType = image.png; path = 6_of_diamonds.png; sourceTree = "<group>"; };
		29A576EE20395522003856EB /* 10_of_clubs.png */ = {isa = PBXFileReference; lastKnownFileType = image.png; path = 10_of_clubs.png; sourceTree = "<group>"; };
		29A576EF20395522003856EB /* ace_of_spades.png */ = {isa = PBXFileReference; lastKnownFileType = image.png; path = ace_of_spades.png; sourceTree = "<group>"; };
		29A576F020395522003856EB /* queen_of_hearts.png */ = {isa = PBXFileReference; lastKnownFileType = image.png; path = queen_of_hearts.png; sourceTree = "<group>"; };
		29A576F120395522003856EB /* 8_of_clubs.png */ = {isa = PBXFileReference; lastKnownFileType = image.png; path = 8_of_clubs.png; sourceTree = "<group>"; };
		29A576F220395522003856EB /* 2_of_diamonds.png */ = {isa = PBXFileReference; lastKnownFileType = image.png; path = 2_of_diamonds.png; sourceTree = "<group>"; };
		29A576F320395523003856EB /* 10_of_hearts.png */ = {isa = PBXFileReference; lastKnownFileType = image.png; path = 10_of_hearts.png; sourceTree = "<group>"; };
		29A576F420395523003856EB /* 5_of_clubs.png */ = {isa = PBXFileReference; lastKnownFileType = image.png; path = 5_of_clubs.png; sourceTree = "<group>"; };
		29A576F520395523003856EB /* 7_of_spades.png */ = {isa = PBXFileReference; lastKnownFileType = image.png; path = 7_of_spades.png; sourceTree = "<group>"; };
		29A576F620395523003856EB /* 9_of_hearts.png */ = {isa = PBXFileReference; lastKnownFileType = image.png; path = 9_of_hearts.png; sourceTree = "<group>"; };
		29A576F720395523003856EB /* 7_of_clubs.png */ = {isa = PBXFileReference; lastKnownFileType = image.png; path = 7_of_clubs.png; sourceTree = "<group>"; };
		29A576F820395523003856EB /* back.png */ = {isa = PBXFileReference; lastKnownFileType = image.png; path = back.png; sourceTree = "<group>"; };
		29A576F920395523003856EB /* 6_of_clubs.png */ = {isa = PBXFileReference; lastKnownFileType = image.png; path = 6_of_clubs.png; sourceTree = "<group>"; };
		29A576FA20395523003856EB /* 10_of_spades.png */ = {isa = PBXFileReference; lastKnownFileType = image.png; path = 10_of_spades.png; sourceTree = "<group>"; };
		29A576FB20395524003856EB /* king_of_spades.png */ = {isa = PBXFileReference; lastKnownFileType = image.png; path = king_of_spades.png; sourceTree = "<group>"; };
		29A576FC20395524003856EB /* 5_of_spades.png */ = {isa = PBXFileReference; lastKnownFileType = image.png; path = 5_of_spades.png; sourceTree = "<group>"; };
		29A576FD20395524003856EB /* 7_of_hearts.png */ = {isa = PBXFileReference; lastKnownFileType = image.png; path = 7_of_hearts.png; sourceTree = "<group>"; };
		29A576FE20395524003856EB /* 9_of_diamonds.png */ = {isa = PBXFileReference; lastKnownFileType = image.png; path = 9_of_diamonds.png; sourceTree = "<group>"; };
		29A576FF20395524003856EB /* 4_of_hearts.png */ = {isa = PBXFileReference; lastKnownFileType = image.png; path = 4_of_hearts.png; sourceTree = "<group>"; };
		29A5770020395524003856EB /* king_of_hearts.png */ = {isa = PBXFileReference; lastKnownFileType = image.png; path = king_of_hearts.png; sourceTree = "<group>"; };
		29A5770120395524003856EB /* 10_of_diamonds.png */ = {isa = PBXFileReference; lastKnownFileType = image.png; path = 10_of_diamonds.png; sourceTree = "<group>"; };
		29A5770220395524003856EB /* queen_of_spades.png */ = {isa = PBXFileReference; lastKnownFileType = image.png; path = queen_of_spades.png; sourceTree = "<group>"; };
		29A5770320395525003856EB /* 2_of_clubs.png */ = {isa = PBXFileReference; lastKnownFileType = image.png; path = 2_of_clubs.png; sourceTree = "<group>"; };
		29A5770420395525003856EB /* 3_of_diamonds.png */ = {isa = PBXFileReference; lastKnownFileType = image.png; path = 3_of_diamonds.png; sourceTree = "<group>"; };
		29A5773B203956A9003856EB /* ShuffleCard.swift */ = {isa = PBXFileReference; lastKnownFileType = sourcecode.swift; path = ShuffleCard.swift; sourceTree = "<group>"; };
		29A57741203B11B6003856EB /* CardImageView.swift */ = {isa = PBXFileReference; lastKnownFileType = sourcecode.swift; path = CardImageView.swift; sourceTree = "<group>"; };
		29A57743203B5A95003856EB /* GameButton.swift */ = {isa = PBXFileReference; lastKnownFileType = sourcecode.swift; path = GameButton.swift; sourceTree = "<group>"; };
/* End PBXFileReference section */

/* Begin PBXFrameworksBuildPhase section */
		29A576B720332B11003856EB /* Frameworks */ = {
			isa = PBXFrameworksBuildPhase;
			buildActionMask = 2147483647;
			files = (
			);
			runOnlyForDeploymentPostprocessing = 0;
		};
/* End PBXFrameworksBuildPhase section */

/* Begin PBXGroup section */
		29A576B120332B11003856EB = {
			isa = PBXGroup;
			children = (
				29A576BC20332B11003856EB /* Blackjack */,
				29A576BB20332B11003856EB /* Products */,
			);
			sourceTree = "<group>";
		};
		29A576BB20332B11003856EB /* Products */ = {
			isa = PBXGroup;
			children = (
				29A576BA20332B11003856EB /* Blackjack.app */,
			);
			name = Products;
			sourceTree = "<group>";
		};
		29A576BC20332B11003856EB /* Blackjack */ = {
			isa = PBXGroup;
			children = (
				29A576CF203954FD003856EB /* CardImage */,
				29A576BD20332B11003856EB /* AppDelegate.swift */,
				29A576BF20332B11003856EB /* ViewController.swift */,
				29A5773B203956A9003856EB /* ShuffleCard.swift */,
				29A576C120332B11003856EB /* Main.storyboard */,
				29A576C420332B11003856EB /* Assets.xcassets */,
				29A576C620332B11003856EB /* LaunchScreen.storyboard */,
				29A576C920332B11003856EB /* Info.plist */,
				29A57741203B11B6003856EB /* CardImageView.swift */,
				29A57743203B5A95003856EB /* GameButton.swift */,
			);
			path = Blackjack;
			sourceTree = "<group>";
		};
		29A576CF203954FD003856EB /* CardImage */ = {
			isa = PBXGroup;
			children = (
				29A5770320395525003856EB /* 2_of_clubs.png */,
				29A576F220395522003856EB /* 2_of_diamonds.png */,
				29A576E220395521003856EB /* 2_of_hearts.png */,
				29A576DC20395520003856EB /* 2_of_spades.png */,
				29A576DA20395520003856EB /* 3_of_clubs.png */,
				29A5770420395525003856EB /* 3_of_diamonds.png */,
				29A576EB20395522003856EB /* 3_of_hearts.png */,
				29A576E120395521003856EB /* 3_of_spades.png */,
				29A576D42039551F003856EB /* 4_of_clubs.png */,
				29A576E520395521003856EB /* 4_of_diamonds.png */,
				29A576FF20395524003856EB /* 4_of_hearts.png */,
				29A576E720395521003856EB /* 4_of_spades.png */,
				29A576F420395523003856EB /* 5_of_clubs.png */,
				29A576E320395521003856EB /* 5_of_diamonds.png */,
				29A576EA20395522003856EB /* 5_of_hearts.png */,
				29A576FC20395524003856EB /* 5_of_spades.png */,
				29A576F920395523003856EB /* 6_of_clubs.png */,
				29A576ED20395522003856EB /* 6_of_diamonds.png */,
				29A576D52039551F003856EB /* 6_of_hearts.png */,
				29A576E920395521003856EB /* 6_of_spades.png */,
				29A576F720395523003856EB /* 7_of_clubs.png */,
				29A576D02039551F003856EB /* 7_of_diamonds.png */,
				29A576FD20395524003856EB /* 7_of_hearts.png */,
				29A576F520395523003856EB /* 7_of_spades.png */,
				29A576F120395522003856EB /* 8_of_clubs.png */,
				29A576D820395520003856EB /* 8_of_diamonds.png */,
				29A576D920395520003856EB /* 8_of_hearts.png */,
				29A576DD20395520003856EB /* 8_of_spades.png */,
				29A576D32039551F003856EB /* 9_of_clubs.png */,
				29A576FE20395524003856EB /* 9_of_diamonds.png */,
				29A576F620395523003856EB /* 9_of_hearts.png */,
				29A576E420395521003856EB /* 9_of_spades.png */,
				29A576EE20395522003856EB /* 10_of_clubs.png */,
				29A5770120395524003856EB /* 10_of_diamonds.png */,
				29A576F320395523003856EB /* 10_of_hearts.png */,
				29A576FA20395523003856EB /* 10_of_spades.png */,
				29A576DB20395520003856EB /* ace_of_clubs.png */,
				29A576E620395521003856EB /* ace_of_diamonds.png */,
				29A576DE20395520003856EB /* ace_of_hearts.png */,
				29A576EF20395522003856EB /* ace_of_spades.png */,
				29A576F820395523003856EB /* back.png */,
				29A576D22039551F003856EB /* jack_of_clubs.png */,
				29A576E020395521003856EB /* jack_of_diamonds.png */,
				29A576EC20395522003856EB /* jack_of_hearts.png */,
				29A576D12039551F003856EB /* jack_of_spades.png */,
				29A576D720395520003856EB /* king_of_clubs.png */,
				29A576E820395521003856EB /* king_of_diamonds.png */,
				29A5770020395524003856EB /* king_of_hearts.png */,
				29A576FB20395524003856EB /* king_of_spades.png */,
				29A576D620395520003856EB /* queen_of_clubs.png */,
				29A576DF20395520003856EB /* queen_of_diamonds.png */,
				29A576F020395522003856EB /* queen_of_hearts.png */,
				29A5770220395524003856EB /* queen_of_spades.png */,
			);
			path = CardImage;
			sourceTree = "<group>";
		};
/* End PBXGroup section */

/* Begin PBXNativeTarget section */
		29A576B920332B11003856EB /* Blackjack */ = {
			isa = PBXNativeTarget;
			buildConfigurationList = 29A576CC20332B11003856EB /* Build configuration list for PBXNativeTarget "Blackjack" */;
			buildPhases = (
				29A576B620332B11003856EB /* Sources */,
				29A576B720332B11003856EB /* Frameworks */,
				29A576B820332B11003856EB /* Resources */,
			);
			buildRules = (
			);
			dependencies = (
			);
			name = Blackjack;
			productName = Blackjack;
			productReference = 29A576BA20332B11003856EB /* Blackjack.app */;
			productType = "com.apple.product-type.application";
		};
/* End PBXNativeTarget section */

/* Begin PBXProject section */
		29A576B220332B11003856EB /* Project object */ = {
			isa = PBXProject;
			attributes = {
				LastSwiftUpdateCheck = 0920;
				LastUpgradeCheck = 0920;
				ORGANIZATIONNAME = "SolChan Ahn";
				TargetAttributes = {
					29A576B920332B11003856EB = {
						CreatedOnToolsVersion = 9.2;
						ProvisioningStyle = Automatic;
					};
				};
			};
			buildConfigurationList = 29A576B520332B11003856EB /* Build configuration list for PBXProject "Blackjack" */;
			compatibilityVersion = "Xcode 8.0";
			developmentRegion = en;
			hasScannedForEncodings = 0;
			knownRegions = (
				en,
				Base,
			);
			mainGroup = 29A576B120332B11003856EB;
			productRefGroup = 29A576BB20332B11003856EB /* Products */;
			projectDirPath = "";
			projectRoot = "";
			targets = (
				29A576B920332B11003856EB /* Blackjack */,
			);
		};
/* End PBXProject section */

/* Begin PBXResourcesBuildPhase section */
		29A576B820332B11003856EB /* Resources */ = {
			isa = PBXResourcesBuildPhase;
			buildActionMask = 2147483647;
			files = (
				29A576C820332B11003856EB /* LaunchScreen.storyboard in Resources */,
				29A5773920395525003856EB /* 3_of_diamonds.png in Resources */,
				29A5770A20395525003856EB /* 6_of_hearts.png in Resources */,
				29A5771220395525003856EB /* 8_of_spades.png in Resources */,
				29A5773320395525003856EB /* 9_of_diamonds.png in Resources */,
				29A5771620395525003856EB /* 3_of_spades.png in Resources */,
				29A5771320395525003856EB /* ace_of_hearts.png in Resources */,
				29A5773820395525003856EB /* 2_of_clubs.png in Resources */,
				29A5772C20395525003856EB /* 7_of_clubs.png in Resources */,
				29A5772420395525003856EB /* ace_of_spades.png in Resources */,
				29A5770920395525003856EB /* 4_of_clubs.png in Resources */,
				29A5771C20395525003856EB /* 4_of_spades.png in Resources */,
				29A5773420395525003856EB /* 4_of_hearts.png in Resources */,
				29A5770820395525003856EB /* 9_of_clubs.png in Resources */,
				29A5773120395525003856EB /* 5_of_spades.png in Resources */,
				29A5773020395525003856EB /* king_of_spades.png in Resources */,
				29A5771420395525003856EB /* queen_of_diamonds.png in Resources */,
				29A5772920395525003856EB /* 5_of_clubs.png in Resources */,
				29A5773220395525003856EB /* 7_of_hearts.png in Resources */,
				29A5772720395525003856EB /* 2_of_diamonds.png in Resources */,
				29A5772520395525003856EB /* queen_of_hearts.png in Resources */,
				29A5771020395525003856EB /* ace_of_clubs.png in Resources */,
				29A5772E20395525003856EB /* 6_of_clubs.png in Resources */,
				29A5770720395525003856EB /* jack_of_clubs.png in Resources */,
				29A5771720395525003856EB /* 2_of_hearts.png in Resources */,
				29A5773720395525003856EB /* queen_of_spades.png in Resources */,
				29A5773620395525003856EB /* 10_of_diamonds.png in Resources */,
				29A5770C20395525003856EB /* king_of_clubs.png in Resources */,
				29A5772F20395525003856EB /* 10_of_spades.png in Resources */,
				29A5772820395525003856EB /* 10_of_hearts.png in Resources */,
				29A5771E20395525003856EB /* 6_of_spades.png in Resources */,
				29A5771820395525003856EB /* 5_of_diamonds.png in Resources */,
				29A5771120395525003856EB /* 2_of_spades.png in Resources */,
				29A5772620395525003856EB /* 8_of_clubs.png in Resources */,
				29A5770520395525003856EB /* 7_of_diamonds.png in Resources */,
				29A5772320395525003856EB /* 10_of_clubs.png in Resources */,
				29A5773520395525003856EB /* king_of_hearts.png in Resources */,
				29A5771B20395525003856EB /* ace_of_diamonds.png in Resources */,
				29A5772A20395525003856EB /* 7_of_spades.png in Resources */,
				29A5770E20395525003856EB /* 8_of_hearts.png in Resources */,
				29A5771F20395525003856EB /* 5_of_hearts.png in Resources */,
				29A5770620395525003856EB /* jack_of_spades.png in Resources */,
				29A5771520395525003856EB /* jack_of_diamonds.png in Resources */,
				29A5772020395525003856EB /* 3_of_hearts.png in Resources */,
				29A5771A20395525003856EB /* 4_of_diamonds.png in Resources */,
				29A5772120395525003856EB /* jack_of_hearts.png in Resources */,
				29A5770B20395525003856EB /* queen_of_clubs.png in Resources */,
				29A576C520332B11003856EB /* Assets.xcassets in Resources */,
				29A5772B20395525003856EB /* 9_of_hearts.png in Resources */,
				29A5770D20395525003856EB /* 8_of_diamonds.png in Resources */,
				29A5770F20395525003856EB /* 3_of_clubs.png in Resources */,
				29A5772220395525003856EB /* 6_of_diamonds.png in Resources */,
				29A5772D20395525003856EB /* back.png in Resources */,
				29A5771920395525003856EB /* 9_of_spades.png in Resources */,
				29A5771D20395525003856EB /* king_of_diamonds.png in Resources */,
				29A576C320332B11003856EB /* Main.storyboard in Resources */,
			);
			runOnlyForDeploymentPostprocessing = 0;
		};
/* End PBXResourcesBuildPhase section */

/* Begin PBXSourcesBuildPhase section */
		29A576B620332B11003856EB /* Sources */ = {
			isa = PBXSourcesBuildPhase;
			buildActionMask = 2147483647;
			files = (
				29A5773C203956A9003856EB /* ShuffleCard.swift in Sources */,
				29A576C020332B11003856EB /* ViewController.swift in Sources */,
				29A57742203B11B6003856EB /* CardImageView.swift in Sources */,
				29A576BE20332B11003856EB /* AppDelegate.swift in Sources */,
				29A57744203B5A95003856EB /* GameButton.swift in Sources */,
			);
			runOnlyForDeploymentPostprocessing = 0;
		};
/* End PBXSourcesBuildPhase section */

/* Begin PBXVariantGroup section */
		29A576C120332B11003856EB /* Main.storyboard */ = {
			isa = PBXVariantGroup;
			children = (
				29A576C220332B11003856EB /* Base */,
			);
			name = Main.storyboard;
			sourceTree = "<group>";
		};
		29A576C620332B11003856EB /* LaunchScreen.storyboard */ = {
			isa = PBXVariantGroup;
			children = (
				29A576C720332B11003856EB /* Base */,
			);
			name = LaunchScreen.storyboard;
			sourceTree = "<group>";
		};
/* End PBXVariantGroup section */

/* Begin XCBuildConfiguration section */
		29A576CA20332B11003856EB /* Debug */ = {
			isa = XCBuildConfiguration;
			buildSettings = {
				ALWAYS_SEARCH_USER_PATHS = NO;
				CLANG_ANALYZER_NONNULL = YES;
				CLANG_ANALYZER_NUMBER_OBJECT_CONVERSION = YES_AGGRESSIVE;
				CLANG_CXX_LANGUAGE_STANDARD = "gnu++14";
				CLANG_CXX_LIBRARY = "libc++";
				CLANG_ENABLE_MODULES = YES;
				CLANG_ENABLE_OBJC_ARC = YES;
				CLANG_WARN_BLOCK_CAPTURE_AUTORELEASING = YES;
				CLANG_WARN_BOOL_CONVERSION = YES;
				CLANG_WARN_COMMA = YES;
				CLANG_WARN_CONSTANT_CONVERSION = YES;
				CLANG_WARN_DIRECT_OBJC_ISA_USAGE = YES_ERROR;
				CLANG_WARN_DOCUMENTATION_COMMENTS = YES;
				CLANG_WARN_EMPTY_BODY = YES;
				CLANG_WARN_ENUM_CONVERSION = YES;
				CLANG_WARN_INFINITE_RECURSION = YES;
				CLANG_WARN_INT_CONVERSION = YES;
				CLANG_WARN_NON_LITERAL_NULL_CONVERSION = YES;
				CLANG_WARN_OBJC_LITERAL_CONVERSION = YES;
				CLANG_WARN_OBJC_ROOT_CLASS = YES_ERROR;
				CLANG_WARN_RANGE_LOOP_ANALYSIS = YES;
				CLANG_WARN_STRICT_PROTOTYPES = YES;
				CLANG_WARN_SUSPICIOUS_MOVE = YES;
				CLANG_WARN_UNGUARDED_AVAILABILITY = YES_AGGRESSIVE;
				CLANG_WARN_UNREACHABLE_CODE = YES;
				CLANG_WARN__DUPLICATE_METHOD_MATCH = YES;
				CODE_SIGN_IDENTITY = "iPhone Developer";
				COPY_PHASE_STRIP = NO;
				DEBUG_INFORMATION_FORMAT = dwarf;
				ENABLE_STRICT_OBJC_MSGSEND = YES;
				ENABLE_TESTABILITY = YES;
				GCC_C_LANGUAGE_STANDARD = gnu11;
				GCC_DYNAMIC_NO_PIC = NO;
				GCC_NO_COMMON_BLOCKS = YES;
				GCC_OPTIMIZATION_LEVEL = 0;
				GCC_PREPROCESSOR_DEFINITIONS = (
					"DEBUG=1",
					"$(inherited)",
				);
				GCC_WARN_64_TO_32_BIT_CONVERSION = YES;
				GCC_WARN_ABOUT_RETURN_TYPE = YES_ERROR;
				GCC_WARN_UNDECLARED_SELECTOR = YES;
				GCC_WARN_UNINITIALIZED_AUTOS = YES_AGGRESSIVE;
				GCC_WARN_UNUSED_FUNCTION = YES;
				GCC_WARN_UNUSED_VARIABLE = YES;
				IPHONEOS_DEPLOYMENT_TARGET = 11.2;
				MTL_ENABLE_DEBUG_INFO = YES;
				ONLY_ACTIVE_ARCH = YES;
				SDKROOT = iphoneos;
				SWIFT_ACTIVE_COMPILATION_CONDITIONS = DEBUG;
				SWIFT_OPTIMIZATION_LEVEL = "-Onone";
			};
			name = Debug;
		};
		29A576CB20332B11003856EB /* Release */ = {
			isa = XCBuildConfiguration;
			buildSettings = {
				ALWAYS_SEARCH_USER_PATHS = NO;
				CLANG_ANALYZER_NONNULL = YES;
				CLANG_ANALYZER_NUMBER_OBJECT_CONVERSION = YES_AGGRESSIVE;
				CLANG_CXX_LANGUAGE_STANDARD = "gnu++14";
				CLANG_CXX_LIBRARY = "libc++";
				CLANG_ENABLE_MODULES = YES;
				CLANG_ENABLE_OBJC_ARC = YES;
				CLANG_WARN_BLOCK_CAPTURE_AUTORELEASING = YES;
				CLANG_WARN_BOOL_CONVERSION = YES;
				CLANG_WARN_COMMA = YES;
				CLANG_WARN_CONSTANT_CONVERSION = YES;
				CLANG_WARN_DIRECT_OBJC_ISA_USAGE = YES_ERROR;
				CLANG_WARN_DOCUMENTATION_COMMENTS = YES;
				CLANG_WARN_EMPTY_BODY = YES;
				CLANG_WARN_ENUM_CONVERSION = YES;
				CLANG_WARN_INFINITE_RECURSION = YES;
				CLANG_WARN_INT_CONVERSION = YES;
				CLANG_WARN_NON_LITERAL_NULL_CONVERSION = YES;
				CLANG_WARN_OBJC_LITERAL_CONVERSION = YES;
				CLANG_WARN_OBJC_ROOT_CLASS = YES_ERROR;
				CLANG_WARN_RANGE_LOOP_ANALYSIS = YES;
				CLANG_WARN_STRICT_PROTOTYPES = YES;
				CLANG_WARN_SUSPICIOUS_MOVE = YES;
				CLANG_WARN_UNGUARDED_AVAILABILITY = YES_AGGRESSIVE;
				CLANG_WARN_UNREACHABLE_CODE = YES;
				CLANG_WARN__DUPLICATE_METHOD_MATCH = YES;
				CODE_SIGN_IDENTITY = "iPhone Developer";
				COPY_PHASE_STRIP = NO;
				DEBUG_INFORMATION_FORMAT = "dwarf-with-dsym";
				ENABLE_NS_ASSERTIONS = NO;
				ENABLE_STRICT_OBJC_MSGSEND = YES;
				GCC_C_LANGUAGE_STANDARD = gnu11;
				GCC_NO_COMMON_BLOCKS = YES;
				GCC_WARN_64_TO_32_BIT_CONVERSION = YES;
				GCC_WARN_ABOUT_RETURN_TYPE = YES_ERROR;
				GCC_WARN_UNDECLARED_SELECTOR = YES;
				GCC_WARN_UNINITIALIZED_AUTOS = YES_AGGRESSIVE;
				GCC_WARN_UNUSED_FUNCTION = YES;
				GCC_WARN_UNUSED_VARIABLE = YES;
				IPHONEOS_DEPLOYMENT_TARGET = 11.2;
				MTL_ENABLE_DEBUG_INFO = NO;
				SDKROOT = iphoneos;
				SWIFT_OPTIMIZATION_LEVEL = "-Owholemodule";
				VALIDATE_PRODUCT = YES;
			};
			name = Release;
		};
		29A576CD20332B11003856EB /* Debug */ = {
			isa = XCBuildConfiguration;
			buildSettings = {
				ASSETCATALOG_COMPILER_APPICON_NAME = AppIcon;
				CODE_SIGN_STYLE = Automatic;
				INFOPLIST_FILE = Blackjack/Info.plist;
				LD_RUNPATH_SEARCH_PATHS = "$(inherited) @executable_path/Frameworks";
				PRODUCT_BUNDLE_IDENTIFIER = com.perudot.Blackjack;
				PRODUCT_NAME = "$(TARGET_NAME)";
				SWIFT_VERSION = 4.0;
				TARGETED_DEVICE_FAMILY = "1,2";
			};
			name = Debug;
		};
		29A576CE20332B11003856EB /* Release */ = {
			isa = XCBuildConfiguration;
			buildSettings = {
				ASSETCATALOG_COMPILER_APPICON_NAME = AppIcon;
				CODE_SIGN_STYLE = Automatic;
				INFOPLIST_FILE = Blackjack/Info.plist;
				LD_RUNPATH_SEARCH_PATHS = "$(inherited) @executable_path/Frameworks";
				PRODUCT_BUNDLE_IDENTIFIER = com.perudot.Blackjack;
				PRODUCT_NAME = "$(TARGET_NAME)";
				SWIFT_VERSION = 4.0;
				TARGETED_DEVICE_FAMILY = "1,2";
			};
			name = Release;
		};
/* End XCBuildConfiguration section */

/* Begin XCConfigurationList section */
		29A576B520332B11003856EB /* Build configuration list for PBXProject "Blackjack" */ = {
			isa = XCConfigurationList;
			buildConfigurations = (
				29A576CA20332B11003856EB /* Debug */,
				29A576CB20332B11003856EB /* Release */,
			);
			defaultConfigurationIsVisible = 0;
			defaultConfigurationName = Release;
		};
		29A576CC20332B11003856EB /* Build configuration list for PBXNativeTarget "Blackjack" */ = {
			isa = XCConfigurationList;
			buildConfigurations = (
				29A576CD20332B11003856EB /* Debug */,
				29A576CE20332B11003856EB /* Release */,
			);
			defaultConfigurationIsVisible = 0;
			defaultConfigurationName = Release;
		};
/* End XCConfigurationList section */
	};
	rootObject = 29A576B220332B11003856EB /* Project object */;
}
